
Microsoft Visual Studio Solution File, Format Version 12.00
# Visual Studio Version 17
VisualStudioVersion = 17.3.32804.467
MinimumVisualStudioVersion = 10.0.40219.1
Project("{FAE04EC0-301F-11D3-BF4B-00C04F79EFBC}") = "Ex5Lista2", "Ex5Lista2\Ex5Lista2.csproj", "{A014972C-85A8-4D6E-897D-1722E97A8DCB}"
EndProject
Global
	GlobalSection(SolutionConfigurationPlatforms) = preSolution
		Debug|Any CPU = Debug|Any CPU
		Release|Any CPU = Release|Any CPU
	EndGlobalSection
	GlobalSection(ProjectConfigurationPlatforms) = postSolution
		{A014972C-85A8-4D6E-897D-1722E97A8DCB}.Debug|Any CPU.ActiveCfg = Debug|Any CPU
		{A014972C-85A8-4D6E-897D-1722E97A8DCB}.Debug|Any CPU.Build.0 = Debug|Any CPU
		{A014972C-85A8-4D6E-897D-1722E97A8DCB}.Release|Any CPU.ActiveCfg = Release|Any CPU
		{A014972C-85A8-4D6E-897D-1722E97A8DCB}.Release|Any CPU.Build.0 = Release|Any CPU
	EndGlobalSection
	GlobalSection(SolutionProperties) = preSolution
		HideSolutionNode = FALSE
	EndGlobalSection
	GlobalSection(ExtensibilityGlobals) = postSolution
		SolutionGuid = {3ADE3BC2-4D37-47FB-A608-5275ACEF624F}
	EndGlobalSection
EndGlobal
