
Microsoft Visual Studio Solution File, Format Version 12.00
# Visual Studio Version 17
VisualStudioVersion = 17.3.32804.467
MinimumVisualStudioVersion = 10.0.40219.1
Project("{FAE04EC0-301F-11D3-BF4B-00C04F79EFBC}") = "AreaTrianguloClasse", "AreaTrianguloClasse\AreaTrianguloClasse.csproj", "{CF062BCB-D163-4704-864D-C781E02ABE66}"
EndProject
Global
	GlobalSection(SolutionConfigurationPlatforms) = preSolution
		Debug|Any CPU = Debug|Any CPU
		Release|Any CPU = Release|Any CPU
	EndGlobalSection
	GlobalSection(ProjectConfigurationPlatforms) = postSolution
		{CF062BCB-D163-4704-864D-C781E02ABE66}.Debug|Any CPU.ActiveCfg = Debug|Any CPU
		{CF062BCB-D163-4704-864D-C781E02ABE66}.Debug|Any CPU.Build.0 = Debug|Any CPU
		{CF062BCB-D163-4704-864D-C781E02ABE66}.Release|Any CPU.ActiveCfg = Release|Any CPU
		{CF062BCB-D163-4704-864D-C781E02ABE66}.Release|Any CPU.Build.0 = Release|Any CPU
	EndGlobalSection
	GlobalSection(SolutionProperties) = preSolution
		HideSolutionNode = FALSE
	EndGlobalSection
	GlobalSection(ExtensibilityGlobals) = postSolution
		SolutionGuid = {066D2B67-EAB6-494A-8091-9B6A7F25A9A4}
	EndGlobalSection
EndGlobal
