
Microsoft Visual Studio Solution File, Format Version 12.00
# Visual Studio Version 17
VisualStudioVersion = 17.3.32804.467
MinimumVisualStudioVersion = 10.0.40219.1
Project("{FAE04EC0-301F-11D3-BF4B-00C04F79EFBC}") = "Ex6Lista1", "Ex6Lista1\Ex6Lista1.csproj", "{D8F5C480-3CD5-495F-A635-C3918F92902B}"
EndProject
Global
	GlobalSection(SolutionConfigurationPlatforms) = preSolution
		Debug|Any CPU = Debug|Any CPU
		Release|Any CPU = Release|Any CPU
	EndGlobalSection
	GlobalSection(ProjectConfigurationPlatforms) = postSolution
		{D8F5C480-3CD5-495F-A635-C3918F92902B}.Debug|Any CPU.ActiveCfg = Debug|Any CPU
		{D8F5C480-3CD5-495F-A635-C3918F92902B}.Debug|Any CPU.Build.0 = Debug|Any CPU
		{D8F5C480-3CD5-495F-A635-C3918F92902B}.Release|Any CPU.ActiveCfg = Release|Any CPU
		{D8F5C480-3CD5-495F-A635-C3918F92902B}.Release|Any CPU.Build.0 = Release|Any CPU
	EndGlobalSection
	GlobalSection(SolutionProperties) = preSolution
		HideSolutionNode = FALSE
	EndGlobalSection
	GlobalSection(ExtensibilityGlobals) = postSolution
		SolutionGuid = {84F6365F-6734-4DE1-B7DF-F4A01FE4EB8C}
	EndGlobalSection
EndGlobal
