
Microsoft Visual Studio Solution File, Format Version 12.00
# Visual Studio Version 17
VisualStudioVersion = 17.3.32804.467
MinimumVisualStudioVersion = 10.0.40219.1
Project("{FAE04EC0-301F-11D3-BF4B-00C04F79EFBC}") = "EntradaDados", "EntradaDados\EntradaDados.csproj", "{BCA78D61-7074-4E82-ACF0-8B3E534DDEA6}"
EndProject
Global
	GlobalSection(SolutionConfigurationPlatforms) = preSolution
		Debug|Any CPU = Debug|Any CPU
		Release|Any CPU = Release|Any CPU
	EndGlobalSection
	GlobalSection(ProjectConfigurationPlatforms) = postSolution
		{BCA78D61-7074-4E82-ACF0-8B3E534DDEA6}.Debug|Any CPU.ActiveCfg = Debug|Any CPU
		{BCA78D61-7074-4E82-ACF0-8B3E534DDEA6}.Debug|Any CPU.Build.0 = Debug|Any CPU
		{BCA78D61-7074-4E82-ACF0-8B3E534DDEA6}.Release|Any CPU.ActiveCfg = Release|Any CPU
		{BCA78D61-7074-4E82-ACF0-8B3E534DDEA6}.Release|Any CPU.Build.0 = Release|Any CPU
	EndGlobalSection
	GlobalSection(SolutionProperties) = preSolution
		HideSolutionNode = FALSE
	EndGlobalSection
	GlobalSection(ExtensibilityGlobals) = postSolution
		SolutionGuid = {CD9DF804-FBE9-4CCD-A1CB-A2A92EEE0EC9}
	EndGlobalSection
EndGlobal
