
Microsoft Visual Studio Solution File, Format Version 12.00
# Visual Studio Version 17
VisualStudioVersion = 17.3.32804.467
MinimumVisualStudioVersion = 10.0.40219.1
Project("{FAE04EC0-301F-11D3-BF4B-00C04F79EFBC}") = "Ex3Lista1", "Ex3Lista1\Ex3Lista1.csproj", "{C807A625-2ED0-4806-AD50-DE75B5444F2E}"
EndProject
Global
	GlobalSection(SolutionConfigurationPlatforms) = preSolution
		Debug|Any CPU = Debug|Any CPU
		Release|Any CPU = Release|Any CPU
	EndGlobalSection
	GlobalSection(ProjectConfigurationPlatforms) = postSolution
		{C807A625-2ED0-4806-AD50-DE75B5444F2E}.Debug|Any CPU.ActiveCfg = Debug|Any CPU
		{C807A625-2ED0-4806-AD50-DE75B5444F2E}.Debug|Any CPU.Build.0 = Debug|Any CPU
		{C807A625-2ED0-4806-AD50-DE75B5444F2E}.Release|Any CPU.ActiveCfg = Release|Any CPU
		{C807A625-2ED0-4806-AD50-DE75B5444F2E}.Release|Any CPU.Build.0 = Release|Any CPU
	EndGlobalSection
	GlobalSection(SolutionProperties) = preSolution
		HideSolutionNode = FALSE
	EndGlobalSection
	GlobalSection(ExtensibilityGlobals) = postSolution
		SolutionGuid = {96C0DE4A-74FB-428C-ABF9-CF72DE1B56ED}
	EndGlobalSection
EndGlobal
