
Microsoft Visual Studio Solution File, Format Version 12.00
# Visual Studio Version 17
VisualStudioVersion = 17.3.32804.467
MinimumVisualStudioVersion = 10.0.40219.1
Project("{FAE04EC0-301F-11D3-BF4B-00C04F79EFBC}") = "EstruturaCondicional", "EstruturaCondicional\EstruturaCondicional.csproj", "{537FDF5D-21BA-4A69-8A50-ABEDA678801D}"
EndProject
Global
	GlobalSection(SolutionConfigurationPlatforms) = preSolution
		Debug|Any CPU = Debug|Any CPU
		Release|Any CPU = Release|Any CPU
	EndGlobalSection
	GlobalSection(ProjectConfigurationPlatforms) = postSolution
		{537FDF5D-21BA-4A69-8A50-ABEDA678801D}.Debug|Any CPU.ActiveCfg = Debug|Any CPU
		{537FDF5D-21BA-4A69-8A50-ABEDA678801D}.Debug|Any CPU.Build.0 = Debug|Any CPU
		{537FDF5D-21BA-4A69-8A50-ABEDA678801D}.Release|Any CPU.ActiveCfg = Release|Any CPU
		{537FDF5D-21BA-4A69-8A50-ABEDA678801D}.Release|Any CPU.Build.0 = Release|Any CPU
	EndGlobalSection
	GlobalSection(SolutionProperties) = preSolution
		HideSolutionNode = FALSE
	EndGlobalSection
	GlobalSection(ExtensibilityGlobals) = postSolution
		SolutionGuid = {9FB9365C-F12F-4934-88B9-721B9CF3CA1C}
	EndGlobalSection
EndGlobal
