
Microsoft Visual Studio Solution File, Format Version 12.00
# Visual Studio Version 17
VisualStudioVersion = 17.3.32804.467
MinimumVisualStudioVersion = 10.0.40219.1
Project("{FAE04EC0-301F-11D3-BF4B-00C04F79EFBC}") = "Ex2Lista3", "Ex2Lista3\Ex2Lista3.csproj", "{D83BAA3A-4B6B-44AE-B69A-923744E8195B}"
EndProject
Global
	GlobalSection(SolutionConfigurationPlatforms) = preSolution
		Debug|Any CPU = Debug|Any CPU
		Release|Any CPU = Release|Any CPU
	EndGlobalSection
	GlobalSection(ProjectConfigurationPlatforms) = postSolution
		{D83BAA3A-4B6B-44AE-B69A-923744E8195B}.Debug|Any CPU.ActiveCfg = Debug|Any CPU
		{D83BAA3A-4B6B-44AE-B69A-923744E8195B}.Debug|Any CPU.Build.0 = Debug|Any CPU
		{D83BAA3A-4B6B-44AE-B69A-923744E8195B}.Release|Any CPU.ActiveCfg = Release|Any CPU
		{D83BAA3A-4B6B-44AE-B69A-923744E8195B}.Release|Any CPU.Build.0 = Release|Any CPU
	EndGlobalSection
	GlobalSection(SolutionProperties) = preSolution
		HideSolutionNode = FALSE
	EndGlobalSection
	GlobalSection(ExtensibilityGlobals) = postSolution
		SolutionGuid = {D7510187-0055-4CE7-B959-9CF7814AA23E}
	EndGlobalSection
EndGlobal
