
Microsoft Visual Studio Solution File, Format Version 12.00
# Visual Studio Version 17
VisualStudioVersion = 17.3.32804.467
MinimumVisualStudioVersion = 10.0.40219.1
Project("{FAE04EC0-301F-11D3-BF4B-00C04F79EFBC}") = "Ex4Lista2", "Ex4Lista2\Ex4Lista2.csproj", "{E53B2BCB-1630-405A-969A-01AC1F1FD290}"
EndProject
Global
	GlobalSection(SolutionConfigurationPlatforms) = preSolution
		Debug|Any CPU = Debug|Any CPU
		Release|Any CPU = Release|Any CPU
	EndGlobalSection
	GlobalSection(ProjectConfigurationPlatforms) = postSolution
		{E53B2BCB-1630-405A-969A-01AC1F1FD290}.Debug|Any CPU.ActiveCfg = Debug|Any CPU
		{E53B2BCB-1630-405A-969A-01AC1F1FD290}.Debug|Any CPU.Build.0 = Debug|Any CPU
		{E53B2BCB-1630-405A-969A-01AC1F1FD290}.Release|Any CPU.ActiveCfg = Release|Any CPU
		{E53B2BCB-1630-405A-969A-01AC1F1FD290}.Release|Any CPU.Build.0 = Release|Any CPU
	EndGlobalSection
	GlobalSection(SolutionProperties) = preSolution
		HideSolutionNode = FALSE
	EndGlobalSection
	GlobalSection(ExtensibilityGlobals) = postSolution
		SolutionGuid = {18582541-5C5E-4B06-AD3D-A2290E8C0F2A}
	EndGlobalSection
EndGlobal
