
Microsoft Visual Studio Solution File, Format Version 12.00
# Visual Studio Version 17
VisualStudioVersion = 17.3.32804.467
MinimumVisualStudioVersion = 10.0.40219.1
Project("{FAE04EC0-301F-11D3-BF4B-00C04F79EFBC}") = "Ex1Classe", "Ex1Classe\Ex1Classe.csproj", "{0611412B-5223-4FA9-B0A8-8760D9D3B8D5}"
EndProject
Global
	GlobalSection(SolutionConfigurationPlatforms) = preSolution
		Debug|Any CPU = Debug|Any CPU
		Release|Any CPU = Release|Any CPU
	EndGlobalSection
	GlobalSection(ProjectConfigurationPlatforms) = postSolution
		{0611412B-5223-4FA9-B0A8-8760D9D3B8D5}.Debug|Any CPU.ActiveCfg = Debug|Any CPU
		{0611412B-5223-4FA9-B0A8-8760D9D3B8D5}.Debug|Any CPU.Build.0 = Debug|Any CPU
		{0611412B-5223-4FA9-B0A8-8760D9D3B8D5}.Release|Any CPU.ActiveCfg = Release|Any CPU
		{0611412B-5223-4FA9-B0A8-8760D9D3B8D5}.Release|Any CPU.Build.0 = Release|Any CPU
	EndGlobalSection
	GlobalSection(SolutionProperties) = preSolution
		HideSolutionNode = FALSE
	EndGlobalSection
	GlobalSection(ExtensibilityGlobals) = postSolution
		SolutionGuid = {838EDE3F-26E3-4F7D-87A2-9C9C4BDD2730}
	EndGlobalSection
EndGlobal
